
Microsoft Visual Studio Solution File, Format Version 12.00
# Visual Studio Version 17
VisualStudioVersion = 17.14.36310.24
MinimumVisualStudioVersion = 10.0.40219.1
Project("{FAE04EC0-301F-11D3-BF4B-00C04F79EFBC}") = "TeklaTool", "TeklaTool\TeklaTool.csproj", "{A9B6D5B4-EEC3-4C30-9B72-F16EC258F3A1}"
EndProject
Global
	GlobalSection(SolutionConfigurationPlatforms) = preSolution
		Debug|Any CPU = Debug|Any CPU
		Release|Any CPU = Release|Any CPU
	EndGlobalSection
	GlobalSection(ProjectConfigurationPlatforms) = postSolution
		{A9B6D5B4-EEC3-4C30-9B72-F16EC258F3A1}.Debug|Any CPU.ActiveCfg = Debug|Any CPU
		{A9B6D5B4-EEC3-4C30-9B72-F16EC258F3A1}.Debug|Any CPU.Build.0 = Debug|Any CPU
		{A9B6D5B4-EEC3-4C30-9B72-F16EC258F3A1}.Release|Any CPU.ActiveCfg = Release|Any CPU
		{A9B6D5B4-EEC3-4C30-9B72-F16EC258F3A1}.Release|Any CPU.Build.0 = Release|Any CPU
	EndGlobalSection
	GlobalSection(SolutionProperties) = preSolution
		HideSolutionNode = FALSE
	EndGlobalSection
	GlobalSection(ExtensibilityGlobals) = postSolution
		SolutionGuid = {B32E1037-6DBD-49F4-806B-1383D0D7049B}
	EndGlobalSection
EndGlobal
